
Microsoft Visual Studio Solution File, Format Version 12.00
# Visual Studio 2015
Project("{FAE04EC0-301F-11D3-BF4B-00C04F79EFBC}") = "3drec.CSharp", "3drec.CSharp.csproj", "{3892A1BA-8598-18C4-1063-1DE919038F0B}"
EndProject
Global
	GlobalSection(SolutionConfigurationPlatforms) = preSolution
		Debug|Any CPU = Debug|Any CPU
		Release|Any CPU = Release|Any CPU
	EndGlobalSection
	GlobalSection(ProjectConfigurationPlatforms) = postSolution
		{3892A1BA-8598-18C4-1063-1DE919038F0B}.Debug|Any CPU.ActiveCfg = Debug|Any CPU
		{3892A1BA-8598-18C4-1063-1DE919038F0B}.Debug|Any CPU.Build.0 = Debug|Any CPU
		{3892A1BA-8598-18C4-1063-1DE919038F0B}.Release|Any CPU.ActiveCfg = Release|Any CPU
		{3892A1BA-8598-18C4-1063-1DE919038F0B}.Release|Any CPU.Build.0 = Release|Any CPU
	EndGlobalSection
	GlobalSection(SolutionProperties) = preSolution
		HideSolutionNode = FALSE
	EndGlobalSection
EndGlobal
